
Microsoft Visual Studio Solution File, Format Version 12.00
# Visual Studio Version 16
VisualStudioVersion = 16.0.29920.165
MinimumVisualStudioVersion = 10.0.40219.1
Project("{FAE04EC0-301F-11D3-BF4B-00C04F79EFBC}") = "PD_OF_Test3", "PD_OF_Test3.csproj", "{217BC44B-B8D5-42BB-B6B4-A3C9E6646427}"
EndProject
Global
	GlobalSection(SolutionConfigurationPlatforms) = preSolution
		Debug|Any CPU = Debug|Any CPU
		Release|Any CPU = Release|Any CPU
	EndGlobalSection
	GlobalSection(ProjectConfigurationPlatforms) = postSolution
		{217BC44B-B8D5-42BB-B6B4-A3C9E6646427}.Debug|Any CPU.ActiveCfg = Debug|Any CPU
		{217BC44B-B8D5-42BB-B6B4-A3C9E6646427}.Debug|Any CPU.Build.0 = Debug|Any CPU
		{217BC44B-B8D5-42BB-B6B4-A3C9E6646427}.Release|Any CPU.ActiveCfg = Release|Any CPU
		{217BC44B-B8D5-42BB-B6B4-A3C9E6646427}.Release|Any CPU.Build.0 = Release|Any CPU
	EndGlobalSection
	GlobalSection(SolutionProperties) = preSolution
		HideSolutionNode = FALSE
	EndGlobalSection
	GlobalSection(ExtensibilityGlobals) = postSolution
		SolutionGuid = {F6E23B0B-C532-4C6E-9630-B098B0C5B747}
	EndGlobalSection
EndGlobal
